
Microsoft Visual Studio Solution File, Format Version 12.00
# Visual Studio Version 16
VisualStudioVersion = 16.0.29326.143
MinimumVisualStudioVersion = 10.0.40219.1
Project("{FAE04EC0-301F-11D3-BF4B-00C04F79EFBC}") = "MicroMQTT.Microservice.AuthAPI", "src\MicroMQTT.Microservice.AuthAPI\MicroMQTT.Microservice.AuthAPI.csproj", "{C6B77F44-2B5B-4DCF-9A97-EFE901F90CA1}"
EndProject
Global
	GlobalSection(SolutionConfigurationPlatforms) = preSolution
		Debug|Any CPU = Debug|Any CPU
		Release|Any CPU = Release|Any CPU
	EndGlobalSection
	GlobalSection(ProjectConfigurationPlatforms) = postSolution
		{C6B77F44-2B5B-4DCF-9A97-EFE901F90CA1}.Debug|Any CPU.ActiveCfg = Debug|Any CPU
		{C6B77F44-2B5B-4DCF-9A97-EFE901F90CA1}.Debug|Any CPU.Build.0 = Debug|Any CPU
		{C6B77F44-2B5B-4DCF-9A97-EFE901F90CA1}.Release|Any CPU.ActiveCfg = Release|Any CPU
		{C6B77F44-2B5B-4DCF-9A97-EFE901F90CA1}.Release|Any CPU.Build.0 = Release|Any CPU
	EndGlobalSection
	GlobalSection(SolutionProperties) = preSolution
		HideSolutionNode = FALSE
	EndGlobalSection
	GlobalSection(ExtensibilityGlobals) = postSolution
		SolutionGuid = {1711A989-C918-4825-ABFD-777E6AF3A306}
	EndGlobalSection
EndGlobal
